
Microsoft Visual Studio Solution File, Format Version 12.00
# Visual Studio 2013
VisualStudioVersion = 12.0.21005.1
MinimumVisualStudioVersion = 10.0.40219.1
Project("{8BC9CEB8-8B4A-11D0-8D11-00A0C91BC942}") = "SB_LevelEdit", "SB_LevelEdit\SB_LevelEdit.vcxproj", "{8E76FCE6-DDE9-49E8-A04D-70723D193719}"
EndProject
Global
	GlobalSection(SolutionConfigurationPlatforms) = preSolution
		Debug|Win32 = Debug|Win32
		Release|Win32 = Release|Win32
	EndGlobalSection
	GlobalSection(ProjectConfigurationPlatforms) = postSolution
		{8E76FCE6-DDE9-49E8-A04D-70723D193719}.Debug|Win32.ActiveCfg = Debug|Win32
		{8E76FCE6-DDE9-49E8-A04D-70723D193719}.Debug|Win32.Build.0 = Debug|Win32
		{8E76FCE6-DDE9-49E8-A04D-70723D193719}.Release|Win32.ActiveCfg = Release|Win32
		{8E76FCE6-DDE9-49E8-A04D-70723D193719}.Release|Win32.Build.0 = Release|Win32
	EndGlobalSection
	GlobalSection(SolutionProperties) = preSolution
		HideSolutionNode = FALSE
	EndGlobalSection
	GlobalSection(SubversionScc) = preSolution
		Svn-Managed = True
		Manager = AnkhSVN - Subversion Support for Visual Studio
	EndGlobalSection
EndGlobal
